
Microsoft Visual Studio Solution File, Format Version 12.00
# Visual Studio Version 17
VisualStudioVersion = 17.0.31903.59
MinimumVisualStudioVersion = 10.0.40219.1
Project("{FAE04EC0-301F-11D3-BF4B-00C04F79EFBC}") = "Bosak.XPath.Core", "src\Bosak.XPath.Core\Bosak.XPath.Core.csproj", "{A1B2C3D4-E5F6-7890-ABCD-EF0123456789}"
EndProject
Project("{FAE04EC0-301F-11D3-BF4B-00C04F79EFBC}") = "Bosak.XPath.Parser", "src\Bosak.XPath.Parser\Bosak.XPath.Parser.csproj", "{B2C3D4E5-F6A7-8901-BCDE-F12345678901}"
EndProject
Project("{FAE04EC0-301F-11D3-BF4B-00C04F79EFBC}") = "Bosak.XPath.Compiler", "src\Bosak.XPath.Compiler\Bosak.XPath.Compiler.csproj", "{C3D4E5F6-A7B8-9012-CDEF-234567890123}"
EndProject
Project("{FAE04EC0-301F-11D3-BF4B-00C04F79EFBC}") = "Bosak.XPath.Runtime", "src\Bosak.XPath.Runtime\Bosak.XPath.Runtime.csproj", "{D4E5F6A7-B8C9-0123-DEF0-345678901234}"
EndProject
Project("{FAE04EC0-301F-11D3-BF4B-00C04F79EFBC}") = "Bosak.XPath.Api", "src\Bosak.XPath.Api\Bosak.XPath.Api.csproj", "{E5F6A7B8-C9D0-1234-EF01-456789012345}"
EndProject
Project("{FAE04EC0-301F-11D3-BF4B-00C04F79EFBC}") = "Bosak.XPath.Standard", "src\Bosak.XPath.Standard\Bosak.XPath.Standard.csproj", "{F6A7B8C9-D0E1-2345-F012-567890123456}"
EndProject
Project("{FAE04EC0-301F-11D3-BF4B-00C04F79EFBC}") = "Bosak.XPath.Providers", "src\Bosak.XPath.Providers\Bosak.XPath.Providers.csproj", "{A7B8C9D0-E1F2-3456-0123-678901234567}"
EndProject
Project("{FAE04EC0-301F-11D3-BF4B-00C04F79EFBC}") = "Bosak.XPath.Core.Tests", "tests\Bosak.XPath.Core.Tests\Bosak.XPath.Core.Tests.csproj", "{B8C9D0E1-F2A3-4567-1234-789012345678}"
EndProject
Project("{2150E333-8FDC-42A3-9474-1A3956D46DE8}") = "tests", "tests", "{0AB3BF05-4346-4AA6-1389-037BE0695223}"
EndProject
Project("{FAE04EC0-301F-11D3-BF4B-00C04F79EFBC}") = "Bosak.XPath.Parser.Tests", "tests\Bosak.XPath.Parser.Tests\Bosak.XPath.Parser.Tests.csproj", "{A0207B3D-71E2-4D5B-B78C-C71B263F50BE}"
EndProject
Project("{2150E333-8FDC-42A3-9474-1A3956D46DE8}") = "src", "src", "{827E0CD3-B72D-47B6-A68D-7590B98EB39B}"
EndProject
Project("{FAE04EC0-301F-11D3-BF4B-00C04F79EFBC}") = "Bosak.XPath.Runtime.Tests", "tests\Bosak.XPath.Runtime.Tests\Bosak.XPath.Runtime.Tests.csproj", "{4ED5727A-8FA4-4D16-92C9-C78ACEB95FB6}"
EndProject
Project("{FAE04EC0-301F-11D3-BF4B-00C04F79EFBC}") = "Bosak.XPath.Api.Tests", "tests\Bosak.XPath.Api.Tests\Bosak.XPath.Api.Tests.csproj", "{B3EBB8F2-1251-4749-85BC-3A2B0C2472BA}"
EndProject
Project("{FAE04EC0-301F-11D3-BF4B-00C04F79EFBC}") = "Bosak.XPath.Standard.Tests", "tests\Bosak.XPath.Standard.Tests\Bosak.XPath.Standard.Tests.csproj", "{BE971EA6-9552-4E29-8B00-D5A72729AFA1}"
EndProject
Project("{FAE04EC0-301F-11D3-BF4B-00C04F79EFBC}") = "Bosak.XPath.Compiler.Tests", "tests\Bosak.XPath.Compiler.Tests\Bosak.XPath.Compiler.Tests.csproj", "{C1D2E3F4-A5B6-7890-CDEF-123456789ABC}"
EndProject
Project("{FAE04EC0-301F-11D3-BF4B-00C04F79EFBC}") = "Bosak.XPath.Conformance", "tests\Bosak.XPath.Conformance\Bosak.XPath.Conformance.csproj", "{57412DB6-04A4-4921-83DC-0D0DAD94175F}"
EndProject
Project("{FAE04EC0-301F-11D3-BF4B-00C04F79EFBC}") = "Bosak.XPath.Xslt", "src\Bosak.XPath.Xslt\Bosak.XPath.Xslt.csproj", "{FD9E887D-1D88-40E7-92C2-C3E56D475FB3}"
EndProject
Project("{FAE04EC0-301F-11D3-BF4B-00C04F79EFBC}") = "Bosak.XPath.Xslt.Tests", "tests\Bosak.XPath.Xslt.Tests\Bosak.XPath.Xslt.Tests.csproj", "{B90A5312-C078-4BF8-93E3-052403A788F8}"
EndProject
Project("{FAE04EC0-301F-11D3-BF4B-00C04F79EFBC}") = "Bosak.XPath.Xslt.Conformance", "tests\Bosak.XPath.Xslt.Conformance\Bosak.XPath.Xslt.Conformance.csproj", "{AD6B498B-D8FD-424E-AD3B-BC288E080305}"
EndProject
Global
	GlobalSection(SolutionConfigurationPlatforms) = preSolution
		Debug|Any CPU = Debug|Any CPU
		Debug|x64 = Debug|x64
		Debug|x86 = Debug|x86
		Release|Any CPU = Release|Any CPU
		Release|x64 = Release|x64
		Release|x86 = Release|x86
	EndGlobalSection
	GlobalSection(ProjectConfigurationPlatforms) = postSolution
		{A1B2C3D4-E5F6-7890-ABCD-EF0123456789}.Debug|Any CPU.ActiveCfg = Debug|Any CPU
		{A1B2C3D4-E5F6-7890-ABCD-EF0123456789}.Debug|Any CPU.Build.0 = Debug|Any CPU
		{A1B2C3D4-E5F6-7890-ABCD-EF0123456789}.Debug|x64.ActiveCfg = Debug|Any CPU
		{A1B2C3D4-E5F6-7890-ABCD-EF0123456789}.Debug|x64.Build.0 = Debug|Any CPU
		{A1B2C3D4-E5F6-7890-ABCD-EF0123456789}.Debug|x86.ActiveCfg = Debug|Any CPU
		{A1B2C3D4-E5F6-7890-ABCD-EF0123456789}.Debug|x86.Build.0 = Debug|Any CPU
		{A1B2C3D4-E5F6-7890-ABCD-EF0123456789}.Release|Any CPU.ActiveCfg = Release|Any CPU
		{A1B2C3D4-E5F6-7890-ABCD-EF0123456789}.Release|Any CPU.Build.0 = Release|Any CPU
		{A1B2C3D4-E5F6-7890-ABCD-EF0123456789}.Release|x64.ActiveCfg = Release|Any CPU
		{A1B2C3D4-E5F6-7890-ABCD-EF0123456789}.Release|x64.Build.0 = Release|Any CPU
		{A1B2C3D4-E5F6-7890-ABCD-EF0123456789}.Release|x86.ActiveCfg = Release|Any CPU
		{A1B2C3D4-E5F6-7890-ABCD-EF0123456789}.Release|x86.Build.0 = Release|Any CPU
		{B2C3D4E5-F6A7-8901-BCDE-F12345678901}.Debug|Any CPU.ActiveCfg = Debug|Any CPU
		{B2C3D4E5-F6A7-8901-BCDE-F12345678901}.Debug|Any CPU.Build.0 = Debug|Any CPU
		{B2C3D4E5-F6A7-8901-BCDE-F12345678901}.Debug|x64.ActiveCfg = Debug|Any CPU
		{B2C3D4E5-F6A7-8901-BCDE-F12345678901}.Debug|x64.Build.0 = Debug|Any CPU
		{B2C3D4E5-F6A7-8901-BCDE-F12345678901}.Debug|x86.ActiveCfg = Debug|Any CPU
		{B2C3D4E5-F6A7-8901-BCDE-F12345678901}.Debug|x86.Build.0 = Debug|Any CPU
		{B2C3D4E5-F6A7-8901-BCDE-F12345678901}.Release|Any CPU.ActiveCfg = Release|Any CPU
		{B2C3D4E5-F6A7-8901-BCDE-F12345678901}.Release|Any CPU.Build.0 = Release|Any CPU
		{B2C3D4E5-F6A7-8901-BCDE-F12345678901}.Release|x64.ActiveCfg = Release|Any CPU
		{B2C3D4E5-F6A7-8901-BCDE-F12345678901}.Release|x64.Build.0 = Release|Any CPU
		{B2C3D4E5-F6A7-8901-BCDE-F12345678901}.Release|x86.ActiveCfg = Release|Any CPU
		{B2C3D4E5-F6A7-8901-BCDE-F12345678901}.Release|x86.Build.0 = Release|Any CPU
		{C3D4E5F6-A7B8-9012-CDEF-234567890123}.Debug|Any CPU.ActiveCfg = Debug|Any CPU
		{C3D4E5F6-A7B8-9012-CDEF-234567890123}.Debug|Any CPU.Build.0 = Debug|Any CPU
		{C3D4E5F6-A7B8-9012-CDEF-234567890123}.Debug|x64.ActiveCfg = Debug|Any CPU
		{C3D4E5F6-A7B8-9012-CDEF-234567890123}.Debug|x64.Build.0 = Debug|Any CPU
		{C3D4E5F6-A7B8-9012-CDEF-234567890123}.Debug|x86.ActiveCfg = Debug|Any CPU
		{C3D4E5F6-A7B8-9012-CDEF-234567890123}.Debug|x86.Build.0 = Debug|Any CPU
		{C3D4E5F6-A7B8-9012-CDEF-234567890123}.Release|Any CPU.ActiveCfg = Release|Any CPU
		{C3D4E5F6-A7B8-9012-CDEF-234567890123}.Release|Any CPU.Build.0 = Release|Any CPU
		{C3D4E5F6-A7B8-9012-CDEF-234567890123}.Release|x64.ActiveCfg = Release|Any CPU
		{C3D4E5F6-A7B8-9012-CDEF-234567890123}.Release|x64.Build.0 = Release|Any CPU
		{C3D4E5F6-A7B8-9012-CDEF-234567890123}.Release|x86.ActiveCfg = Release|Any CPU
		{C3D4E5F6-A7B8-9012-CDEF-234567890123}.Release|x86.Build.0 = Release|Any CPU
		{D4E5F6A7-B8C9-0123-DEF0-345678901234}.Debug|Any CPU.ActiveCfg = Debug|Any CPU
		{D4E5F6A7-B8C9-0123-DEF0-345678901234}.Debug|Any CPU.Build.0 = Debug|Any CPU
		{D4E5F6A7-B8C9-0123-DEF0-345678901234}.Debug|x64.ActiveCfg = Debug|Any CPU
		{D4E5F6A7-B8C9-0123-DEF0-345678901234}.Debug|x64.Build.0 = Debug|Any CPU
		{D4E5F6A7-B8C9-0123-DEF0-345678901234}.Debug|x86.ActiveCfg = Debug|Any CPU
		{D4E5F6A7-B8C9-0123-DEF0-345678901234}.Debug|x86.Build.0 = Debug|Any CPU
		{D4E5F6A7-B8C9-0123-DEF0-345678901234}.Release|Any CPU.ActiveCfg = Release|Any CPU
		{D4E5F6A7-B8C9-0123-DEF0-345678901234}.Release|Any CPU.Build.0 = Release|Any CPU
		{D4E5F6A7-B8C9-0123-DEF0-345678901234}.Release|x64.ActiveCfg = Release|Any CPU
		{D4E5F6A7-B8C9-0123-DEF0-345678901234}.Release|x64.Build.0 = Release|Any CPU
		{D4E5F6A7-B8C9-0123-DEF0-345678901234}.Release|x86.ActiveCfg = Release|Any CPU
		{D4E5F6A7-B8C9-0123-DEF0-345678901234}.Release|x86.Build.0 = Release|Any CPU
		{E5F6A7B8-C9D0-1234-EF01-456789012345}.Debug|Any CPU.ActiveCfg = Debug|Any CPU
		{E5F6A7B8-C9D0-1234-EF01-456789012345}.Debug|Any CPU.Build.0 = Debug|Any CPU
		{E5F6A7B8-C9D0-1234-EF01-456789012345}.Debug|x64.ActiveCfg = Debug|Any CPU
		{E5F6A7B8-C9D0-1234-EF01-456789012345}.Debug|x64.Build.0 = Debug|Any CPU
		{E5F6A7B8-C9D0-1234-EF01-456789012345}.Debug|x86.ActiveCfg = Debug|Any CPU
		{E5F6A7B8-C9D0-1234-EF01-456789012345}.Debug|x86.Build.0 = Debug|Any CPU
		{E5F6A7B8-C9D0-1234-EF01-456789012345}.Release|Any CPU.ActiveCfg = Release|Any CPU
		{E5F6A7B8-C9D0-1234-EF01-456789012345}.Release|Any CPU.Build.0 = Release|Any CPU
		{E5F6A7B8-C9D0-1234-EF01-456789012345}.Release|x64.ActiveCfg = Release|Any CPU
		{E5F6A7B8-C9D0-1234-EF01-456789012345}.Release|x64.Build.0 = Release|Any CPU
		{E5F6A7B8-C9D0-1234-EF01-456789012345}.Release|x86.ActiveCfg = Release|Any CPU
		{E5F6A7B8-C9D0-1234-EF01-456789012345}.Release|x86.Build.0 = Release|Any CPU
		{F6A7B8C9-D0E1-2345-F012-567890123456}.Debug|Any CPU.ActiveCfg = Debug|Any CPU
		{F6A7B8C9-D0E1-2345-F012-567890123456}.Debug|Any CPU.Build.0 = Debug|Any CPU
		{F6A7B8C9-D0E1-2345-F012-567890123456}.Debug|x64.ActiveCfg = Debug|Any CPU
		{F6A7B8C9-D0E1-2345-F012-567890123456}.Debug|x64.Build.0 = Debug|Any CPU
		{F6A7B8C9-D0E1-2345-F012-567890123456}.Debug|x86.ActiveCfg = Debug|Any CPU
		{F6A7B8C9-D0E1-2345-F012-567890123456}.Debug|x86.Build.0 = Debug|Any CPU
		{F6A7B8C9-D0E1-2345-F012-567890123456}.Release|Any CPU.ActiveCfg = Release|Any CPU
		{F6A7B8C9-D0E1-2345-F012-567890123456}.Release|Any CPU.Build.0 = Release|Any CPU
		{F6A7B8C9-D0E1-2345-F012-567890123456}.Release|x64.ActiveCfg = Release|Any CPU
		{F6A7B8C9-D0E1-2345-F012-567890123456}.Release|x64.Build.0 = Release|Any CPU
		{F6A7B8C9-D0E1-2345-F012-567890123456}.Release|x86.ActiveCfg = Release|Any CPU
		{F6A7B8C9-D0E1-2345-F012-567890123456}.Release|x86.Build.0 = Release|Any CPU
		{A7B8C9D0-E1F2-3456-0123-678901234567}.Debug|Any CPU.ActiveCfg = Debug|Any CPU
		{A7B8C9D0-E1F2-3456-0123-678901234567}.Debug|Any CPU.Build.0 = Debug|Any CPU
		{A7B8C9D0-E1F2-3456-0123-678901234567}.Debug|x64.ActiveCfg = Debug|Any CPU
		{A7B8C9D0-E1F2-3456-0123-678901234567}.Debug|x64.Build.0 = Debug|Any CPU
		{A7B8C9D0-E1F2-3456-0123-678901234567}.Debug|x86.ActiveCfg = Debug|Any CPU
		{A7B8C9D0-E1F2-3456-0123-678901234567}.Debug|x86.Build.0 = Debug|Any CPU
		{A7B8C9D0-E1F2-3456-0123-678901234567}.Release|Any CPU.ActiveCfg = Release|Any CPU
		{A7B8C9D0-E1F2-3456-0123-678901234567}.Release|Any CPU.Build.0 = Release|Any CPU
		{A7B8C9D0-E1F2-3456-0123-678901234567}.Release|x64.ActiveCfg = Release|Any CPU
		{A7B8C9D0-E1F2-3456-0123-678901234567}.Release|x64.Build.0 = Release|Any CPU
		{A7B8C9D0-E1F2-3456-0123-678901234567}.Release|x86.ActiveCfg = Release|Any CPU
		{A7B8C9D0-E1F2-3456-0123-678901234567}.Release|x86.Build.0 = Release|Any CPU
		{B8C9D0E1-F2A3-4567-1234-789012345678}.Debug|Any CPU.ActiveCfg = Debug|Any CPU
		{B8C9D0E1-F2A3-4567-1234-789012345678}.Debug|Any CPU.Build.0 = Debug|Any CPU
		{B8C9D0E1-F2A3-4567-1234-789012345678}.Debug|x64.ActiveCfg = Debug|Any CPU
		{B8C9D0E1-F2A3-4567-1234-789012345678}.Debug|x64.Build.0 = Debug|Any CPU
		{B8C9D0E1-F2A3-4567-1234-789012345678}.Debug|x86.ActiveCfg = Debug|Any CPU
		{B8C9D0E1-F2A3-4567-1234-789012345678}.Debug|x86.Build.0 = Debug|Any CPU
		{B8C9D0E1-F2A3-4567-1234-789012345678}.Release|Any CPU.ActiveCfg = Release|Any CPU
		{B8C9D0E1-F2A3-4567-1234-789012345678}.Release|Any CPU.Build.0 = Release|Any CPU
		{B8C9D0E1-F2A3-4567-1234-789012345678}.Release|x64.ActiveCfg = Release|Any CPU
		{B8C9D0E1-F2A3-4567-1234-789012345678}.Release|x64.Build.0 = Release|Any CPU
		{B8C9D0E1-F2A3-4567-1234-789012345678}.Release|x86.ActiveCfg = Release|Any CPU
		{B8C9D0E1-F2A3-4567-1234-789012345678}.Release|x86.Build.0 = Release|Any CPU
		{A0207B3D-71E2-4D5B-B78C-C71B263F50BE}.Debug|Any CPU.ActiveCfg = Debug|Any CPU
		{A0207B3D-71E2-4D5B-B78C-C71B263F50BE}.Debug|Any CPU.Build.0 = Debug|Any CPU
		{A0207B3D-71E2-4D5B-B78C-C71B263F50BE}.Debug|x64.ActiveCfg = Debug|Any CPU
		{A0207B3D-71E2-4D5B-B78C-C71B263F50BE}.Debug|x64.Build.0 = Debug|Any CPU
		{A0207B3D-71E2-4D5B-B78C-C71B263F50BE}.Debug|x86.ActiveCfg = Debug|Any CPU
		{A0207B3D-71E2-4D5B-B78C-C71B263F50BE}.Debug|x86.Build.0 = Debug|Any CPU
		{A0207B3D-71E2-4D5B-B78C-C71B263F50BE}.Release|Any CPU.ActiveCfg = Release|Any CPU
		{A0207B3D-71E2-4D5B-B78C-C71B263F50BE}.Release|Any CPU.Build.0 = Release|Any CPU
		{A0207B3D-71E2-4D5B-B78C-C71B263F50BE}.Release|x64.ActiveCfg = Release|Any CPU
		{A0207B3D-71E2-4D5B-B78C-C71B263F50BE}.Release|x64.Build.0 = Release|Any CPU
		{A0207B3D-71E2-4D5B-B78C-C71B263F50BE}.Release|x86.ActiveCfg = Release|Any CPU
		{A0207B3D-71E2-4D5B-B78C-C71B263F50BE}.Release|x86.Build.0 = Release|Any CPU
		{4ED5727A-8FA4-4D16-92C9-C78ACEB95FB6}.Debug|Any CPU.ActiveCfg = Debug|Any CPU
		{4ED5727A-8FA4-4D16-92C9-C78ACEB95FB6}.Debug|Any CPU.Build.0 = Debug|Any CPU
		{4ED5727A-8FA4-4D16-92C9-C78ACEB95FB6}.Debug|x64.ActiveCfg = Debug|Any CPU
		{4ED5727A-8FA4-4D16-92C9-C78ACEB95FB6}.Debug|x64.Build.0 = Debug|Any CPU
		{4ED5727A-8FA4-4D16-92C9-C78ACEB95FB6}.Debug|x86.ActiveCfg = Debug|Any CPU
		{4ED5727A-8FA4-4D16-92C9-C78ACEB95FB6}.Debug|x86.Build.0 = Debug|Any CPU
		{4ED5727A-8FA4-4D16-92C9-C78ACEB95FB6}.Release|Any CPU.ActiveCfg = Release|Any CPU
		{4ED5727A-8FA4-4D16-92C9-C78ACEB95FB6}.Release|Any CPU.Build.0 = Release|Any CPU
		{4ED5727A-8FA4-4D16-92C9-C78ACEB95FB6}.Release|x64.ActiveCfg = Release|Any CPU
		{4ED5727A-8FA4-4D16-92C9-C78ACEB95FB6}.Release|x64.Build.0 = Release|Any CPU
		{4ED5727A-8FA4-4D16-92C9-C78ACEB95FB6}.Release|x86.ActiveCfg = Release|Any CPU
		{4ED5727A-8FA4-4D16-92C9-C78ACEB95FB6}.Release|x86.Build.0 = Release|Any CPU
		{B3EBB8F2-1251-4749-85BC-3A2B0C2472BA}.Debug|Any CPU.ActiveCfg = Debug|Any CPU
		{B3EBB8F2-1251-4749-85BC-3A2B0C2472BA}.Debug|Any CPU.Build.0 = Debug|Any CPU
		{B3EBB8F2-1251-4749-85BC-3A2B0C2472BA}.Debug|x64.ActiveCfg = Debug|Any CPU
		{B3EBB8F2-1251-4749-85BC-3A2B0C2472BA}.Debug|x64.Build.0 = Debug|Any CPU
		{B3EBB8F2-1251-4749-85BC-3A2B0C2472BA}.Debug|x86.ActiveCfg = Debug|Any CPU
		{B3EBB8F2-1251-4749-85BC-3A2B0C2472BA}.Debug|x86.Build.0 = Debug|Any CPU
		{B3EBB8F2-1251-4749-85BC-3A2B0C2472BA}.Release|Any CPU.ActiveCfg = Release|Any CPU
		{B3EBB8F2-1251-4749-85BC-3A2B0C2472BA}.Release|Any CPU.Build.0 = Release|Any CPU
		{B3EBB8F2-1251-4749-85BC-3A2B0C2472BA}.Release|x64.ActiveCfg = Release|Any CPU
		{B3EBB8F2-1251-4749-85BC-3A2B0C2472BA}.Release|x64.Build.0 = Release|Any CPU
		{B3EBB8F2-1251-4749-85BC-3A2B0C2472BA}.Release|x86.ActiveCfg = Release|Any CPU
		{B3EBB8F2-1251-4749-85BC-3A2B0C2472BA}.Release|x86.Build.0 = Release|Any CPU
		{BE971EA6-9552-4E29-8B00-D5A72729AFA1}.Debug|Any CPU.ActiveCfg = Debug|Any CPU
		{BE971EA6-9552-4E29-8B00-D5A72729AFA1}.Debug|Any CPU.Build.0 = Debug|Any CPU
		{BE971EA6-9552-4E29-8B00-D5A72729AFA1}.Debug|x64.ActiveCfg = Debug|Any CPU
		{BE971EA6-9552-4E29-8B00-D5A72729AFA1}.Debug|x64.Build.0 = Debug|Any CPU
		{BE971EA6-9552-4E29-8B00-D5A72729AFA1}.Debug|x86.ActiveCfg = Debug|Any CPU
		{BE971EA6-9552-4E29-8B00-D5A72729AFA1}.Debug|x86.Build.0 = Debug|Any CPU
		{BE971EA6-9552-4E29-8B00-D5A72729AFA1}.Release|Any CPU.ActiveCfg = Release|Any CPU
		{BE971EA6-9552-4E29-8B00-D5A72729AFA1}.Release|Any CPU.Build.0 = Release|Any CPU
		{BE971EA6-9552-4E29-8B00-D5A72729AFA1}.Release|x64.ActiveCfg = Release|Any CPU
		{BE971EA6-9552-4E29-8B00-D5A72729AFA1}.Release|x64.Build.0 = Release|Any CPU
		{BE971EA6-9552-4E29-8B00-D5A72729AFA1}.Release|x86.ActiveCfg = Release|Any CPU
		{BE971EA6-9552-4E29-8B00-D5A72729AFA1}.Release|x86.Build.0 = Release|Any CPU
		{C1D2E3F4-A5B6-7890-CDEF-123456789ABC}.Debug|Any CPU.ActiveCfg = Debug|Any CPU
		{C1D2E3F4-A5B6-7890-CDEF-123456789ABC}.Debug|Any CPU.Build.0 = Debug|Any CPU
		{C1D2E3F4-A5B6-7890-CDEF-123456789ABC}.Debug|x64.ActiveCfg = Debug|Any CPU
		{C1D2E3F4-A5B6-7890-CDEF-123456789ABC}.Debug|x64.Build.0 = Debug|Any CPU
		{C1D2E3F4-A5B6-7890-CDEF-123456789ABC}.Debug|x86.ActiveCfg = Debug|Any CPU
		{C1D2E3F4-A5B6-7890-CDEF-123456789ABC}.Debug|x86.Build.0 = Debug|Any CPU
		{C1D2E3F4-A5B6-7890-CDEF-123456789ABC}.Release|Any CPU.ActiveCfg = Release|Any CPU
		{C1D2E3F4-A5B6-7890-CDEF-123456789ABC}.Release|Any CPU.Build.0 = Release|Any CPU
		{C1D2E3F4-A5B6-7890-CDEF-123456789ABC}.Release|x64.ActiveCfg = Release|Any CPU
		{C1D2E3F4-A5B6-7890-CDEF-123456789ABC}.Release|x64.Build.0 = Release|Any CPU
		{C1D2E3F4-A5B6-7890-CDEF-123456789ABC}.Release|x86.ActiveCfg = Release|Any CPU
		{C1D2E3F4-A5B6-7890-CDEF-123456789ABC}.Release|x86.Build.0 = Release|Any CPU
		{57412DB6-04A4-4921-83DC-0D0DAD94175F}.Debug|Any CPU.ActiveCfg = Debug|Any CPU
		{57412DB6-04A4-4921-83DC-0D0DAD94175F}.Debug|Any CPU.Build.0 = Debug|Any CPU
		{57412DB6-04A4-4921-83DC-0D0DAD94175F}.Debug|x64.ActiveCfg = Debug|Any CPU
		{57412DB6-04A4-4921-83DC-0D0DAD94175F}.Debug|x64.Build.0 = Debug|Any CPU
		{57412DB6-04A4-4921-83DC-0D0DAD94175F}.Debug|x86.ActiveCfg = Debug|Any CPU
		{57412DB6-04A4-4921-83DC-0D0DAD94175F}.Debug|x86.Build.0 = Debug|Any CPU
		{57412DB6-04A4-4921-83DC-0D0DAD94175F}.Release|Any CPU.ActiveCfg = Release|Any CPU
		{57412DB6-04A4-4921-83DC-0D0DAD94175F}.Release|Any CPU.Build.0 = Release|Any CPU
		{57412DB6-04A4-4921-83DC-0D0DAD94175F}.Release|x64.ActiveCfg = Release|Any CPU
		{57412DB6-04A4-4921-83DC-0D0DAD94175F}.Release|x64.Build.0 = Release|Any CPU
		{57412DB6-04A4-4921-83DC-0D0DAD94175F}.Release|x86.ActiveCfg = Release|Any CPU
		{57412DB6-04A4-4921-83DC-0D0DAD94175F}.Release|x86.Build.0 = Release|Any CPU
		{FD9E887D-1D88-40E7-92C2-C3E56D475FB3}.Debug|Any CPU.ActiveCfg = Debug|Any CPU
		{FD9E887D-1D88-40E7-92C2-C3E56D475FB3}.Debug|Any CPU.Build.0 = Debug|Any CPU
		{FD9E887D-1D88-40E7-92C2-C3E56D475FB3}.Debug|x64.ActiveCfg = Debug|Any CPU
		{FD9E887D-1D88-40E7-92C2-C3E56D475FB3}.Debug|x64.Build.0 = Debug|Any CPU
		{FD9E887D-1D88-40E7-92C2-C3E56D475FB3}.Debug|x86.ActiveCfg = Debug|Any CPU
		{FD9E887D-1D88-40E7-92C2-C3E56D475FB3}.Debug|x86.Build.0 = Debug|Any CPU
		{FD9E887D-1D88-40E7-92C2-C3E56D475FB3}.Release|Any CPU.ActiveCfg = Release|Any CPU
		{FD9E887D-1D88-40E7-92C2-C3E56D475FB3}.Release|Any CPU.Build.0 = Release|Any CPU
		{FD9E887D-1D88-40E7-92C2-C3E56D475FB3}.Release|x64.ActiveCfg = Release|Any CPU
		{FD9E887D-1D88-40E7-92C2-C3E56D475FB3}.Release|x64.Build.0 = Release|Any CPU
		{FD9E887D-1D88-40E7-92C2-C3E56D475FB3}.Release|x86.ActiveCfg = Release|Any CPU
		{FD9E887D-1D88-40E7-92C2-C3E56D475FB3}.Release|x86.Build.0 = Release|Any CPU
		{B90A5312-C078-4BF8-93E3-052403A788F8}.Debug|Any CPU.ActiveCfg = Debug|Any CPU
		{B90A5312-C078-4BF8-93E3-052403A788F8}.Debug|Any CPU.Build.0 = Debug|Any CPU
		{B90A5312-C078-4BF8-93E3-052403A788F8}.Debug|x64.ActiveCfg = Debug|Any CPU
		{B90A5312-C078-4BF8-93E3-052403A788F8}.Debug|x64.Build.0 = Debug|Any CPU
		{B90A5312-C078-4BF8-93E3-052403A788F8}.Debug|x86.ActiveCfg = Debug|Any CPU
		{B90A5312-C078-4BF8-93E3-052403A788F8}.Debug|x86.Build.0 = Debug|Any CPU
		{B90A5312-C078-4BF8-93E3-052403A788F8}.Release|Any CPU.ActiveCfg = Release|Any CPU
		{B90A5312-C078-4BF8-93E3-052403A788F8}.Release|Any CPU.Build.0 = Release|Any CPU
		{B90A5312-C078-4BF8-93E3-052403A788F8}.Release|x64.ActiveCfg = Release|Any CPU
		{B90A5312-C078-4BF8-93E3-052403A788F8}.Release|x64.Build.0 = Release|Any CPU
		{B90A5312-C078-4BF8-93E3-052403A788F8}.Release|x86.ActiveCfg = Release|Any CPU
		{B90A5312-C078-4BF8-93E3-052403A788F8}.Release|x86.Build.0 = Release|Any CPU
		{AD6B498B-D8FD-424E-AD3B-BC288E080305}.Debug|Any CPU.ActiveCfg = Debug|Any CPU
		{AD6B498B-D8FD-424E-AD3B-BC288E080305}.Debug|Any CPU.Build.0 = Debug|Any CPU
		{AD6B498B-D8FD-424E-AD3B-BC288E080305}.Debug|x64.ActiveCfg = Debug|Any CPU
		{AD6B498B-D8FD-424E-AD3B-BC288E080305}.Debug|x64.Build.0 = Debug|Any CPU
		{AD6B498B-D8FD-424E-AD3B-BC288E080305}.Debug|x86.ActiveCfg = Debug|Any CPU
		{AD6B498B-D8FD-424E-AD3B-BC288E080305}.Debug|x86.Build.0 = Debug|Any CPU
		{AD6B498B-D8FD-424E-AD3B-BC288E080305}.Release|Any CPU.ActiveCfg = Release|Any CPU
		{AD6B498B-D8FD-424E-AD3B-BC288E080305}.Release|Any CPU.Build.0 = Release|Any CPU
		{AD6B498B-D8FD-424E-AD3B-BC288E080305}.Release|x64.ActiveCfg = Release|Any CPU
		{AD6B498B-D8FD-424E-AD3B-BC288E080305}.Release|x64.Build.0 = Release|Any CPU
		{AD6B498B-D8FD-424E-AD3B-BC288E080305}.Release|x86.ActiveCfg = Release|Any CPU
		{AD6B498B-D8FD-424E-AD3B-BC288E080305}.Release|x86.Build.0 = Release|Any CPU
	EndGlobalSection
	GlobalSection(SolutionProperties) = preSolution
		HideSolutionNode = FALSE
	EndGlobalSection
	GlobalSection(NestedProjects) = preSolution
		{A0207B3D-71E2-4D5B-B78C-C71B263F50BE} = {0AB3BF05-4346-4AA6-1389-037BE0695223}
		{4ED5727A-8FA4-4D16-92C9-C78ACEB95FB6} = {0AB3BF05-4346-4AA6-1389-037BE0695223}
		{B3EBB8F2-1251-4749-85BC-3A2B0C2472BA} = {0AB3BF05-4346-4AA6-1389-037BE0695223}
		{BE971EA6-9552-4E29-8B00-D5A72729AFA1} = {0AB3BF05-4346-4AA6-1389-037BE0695223}
		{C1D2E3F4-A5B6-7890-CDEF-123456789ABC} = {0AB3BF05-4346-4AA6-1389-037BE0695223}
		{57412DB6-04A4-4921-83DC-0D0DAD94175F} = {0AB3BF05-4346-4AA6-1389-037BE0695223}
		{FD9E887D-1D88-40E7-92C2-C3E56D475FB3} = {827E0CD3-B72D-47B6-A68D-7590B98EB39B}
		{B90A5312-C078-4BF8-93E3-052403A788F8} = {0AB3BF05-4346-4AA6-1389-037BE0695223}
		{AD6B498B-D8FD-424E-AD3B-BC288E080305} = {0AB3BF05-4346-4AA6-1389-037BE0695223}
	EndGlobalSection
EndGlobal
